// !$*UTF8*$!
{
	archiveVersion = 1;
	classes = {
	};
	objectVersion = 46;
	objects = {

/* Begin PBXBuildFile section */
		042E4F30183B056400C3446A /* UIKit.framework in Frameworks */ = {isa = PBXBuildFile; fileRef = 042E4F2F183B056400C3446A /* UIKit.framework */; };
		042E4F32183B056400C3446A /* Foundation.framework in Frameworks */ = {isa = PBXBuildFile; fileRef = 042E4F31183B056400C3446A /* Foundation.framework */; };
		042E4F34183B056400C3446A /* CoreGraphics.framework in Frameworks */ = {isa = PBXBuildFile; fileRef = 042E4F33183B056400C3446A /* CoreGraphics.framework */; };
		88728C73188906E50087BA9B /* AssetsLibrary.framework in Frameworks */ = {isa = PBXBuildFile; fileRef = 88728C72188906E50087BA9B /* AssetsLibrary.framework */; };
		8887E528188A636900398C43 /* libsqlite3.dylib in Frameworks */ = {isa = PBXBuildFile; fileRef = 8887E527188A636900398C43 /* libsqlite3.dylib */; };
		8887E52A188A637700398C43 /* CFNetwork.framework in Frameworks */ = {isa = PBXBuildFile; fileRef = 8887E529188A637700398C43 /* CFNetwork.framework */; };
		8887E52C188A63CA00398C43 /* Security.framework in Frameworks */ = {isa = PBXBuildFile; fileRef = 8887E52B188A63CA00398C43 /* Security.framework */; };
		8887E52E188A63D500398C43 /* libiconv.dylib in Frameworks */ = {isa = PBXBuildFile; fileRef = 8887E52D188A63D500398C43 /* libiconv.dylib */; };
		8887E530188A63E200398C43 /* SystemConfiguration.framework in Frameworks */ = {isa = PBXBuildFile; fileRef = 8887E52F188A63E200398C43 /* SystemConfiguration.framework */; };
		8887E532188A63F500398C43 /* CoreTelephony.framework in Frameworks */ = {isa = PBXBuildFile; fileRef = 8887E531188A63F500398C43 /* CoreTelephony.framework */; };
		8887E534188A63FD00398C43 /* libstdc++.dylib in Frameworks */ = {isa = PBXBuildFile; fileRef = 8887E533188A63FD00398C43 /* libstdc++.dylib */; };
		8887E536188A640300398C43 /* libz.dylib in Frameworks */ = {isa = PBXBuildFile; fileRef = 8887E535188A640300398C43 /* libz.dylib */; };
		88A780CA18ACC14100CE0B8A /* AppDelegate.m in Sources */ = {isa = PBXBuildFile; fileRef = 88A7809E18ACC14100CE0B8A /* AppDelegate.m */; };
		88A780CB18ACC14100CE0B8A /* 1.jpg in Resources */ = {isa = PBXBuildFile; fileRef = 88A780A018ACC14100CE0B8A /* 1.jpg */; };
		88A780CC18ACC14100CE0B8A /* MZCroppableView.m in Sources */ = {isa = PBXBuildFile; fileRef = 88A780A218ACC14100CE0B8A /* MZCroppableView.m */; };
		88A780CD18ACC14100CE0B8A /* UIBezierPath-Points.m in Sources */ = {isa = PBXBuildFile; fileRef = 88A780A418ACC14100CE0B8A /* UIBezierPath-Points.m */; };
		88A780CE18ACC14100CE0B8A /* Default.png in Resources */ = {isa = PBXBuildFile; fileRef = 88A780A518ACC14100CE0B8A /* Default.png */; };
		88A780CF18ACC14100CE0B8A /* Default@2x.png in Resources */ = {isa = PBXBuildFile; fileRef = 88A780A618ACC14100CE0B8A /* Default@2x.png */; };
		88A780D018ACC14100CE0B8A /* InfoPlist.strings in Resources */ = {isa = PBXBuildFile; fileRef = 88A780A718ACC14100CE0B8A /* InfoPlist.strings */; };
		88A780D118ACC14100CE0B8A /* icon.png in Resources */ = {isa = PBXBuildFile; fileRef = 88A780A918ACC14100CE0B8A /* icon.png */; };
		88A780D218ACC14100CE0B8A /* icon@2x.png in Resources */ = {isa = PBXBuildFile; fileRef = 88A780AA18ACC14100CE0B8A /* icon@2x.png */; };
		88A780D318ACC14100CE0B8A /* main.m in Sources */ = {isa = PBXBuildFile; fileRef = 88A780AB18ACC14100CE0B8A /* main.m */; };
		88A780D418ACC14100CE0B8A /* MZCroppableView-Info.plist in Resources */ = {isa = PBXBuildFile; fileRef = 88A780AC18ACC14100CE0B8A /* MZCroppableView-Info.plist */; };
		88A780D518ACC14100CE0B8A /* OperationViewController.m in Sources */ = {isa = PBXBuildFile; fileRef = 88A780AF18ACC14100CE0B8A /* OperationViewController.m */; };
		88A780D618ACC14100CE0B8A /* QQApiHelper.m in Sources */ = {isa = PBXBuildFile; fileRef = 88A780B118ACC14100CE0B8A /* QQApiHelper.m */; };
		88A780D718ACC14100CE0B8A /* libUMAppNetwork_4.6.a in Frameworks */ = {isa = PBXBuildFile; fileRef = 88A780B318ACC14100CE0B8A /* libUMAppNetwork_4.6.a */; };
		88A780D818ACC14100CE0B8A /* UMUFP.bundle in Resources */ = {isa = PBXBuildFile; fileRef = 88A780B418ACC14100CE0B8A /* UMUFP.bundle */; };
		88A780D918ACC14100CE0B8A /* libWeChatSDK.a in Frameworks */ = {isa = PBXBuildFile; fileRef = 88A780BE18ACC14100CE0B8A /* libWeChatSDK.a */; };
		88A780DB18ACC14100CE0B8A /* TencentOpenApi_IOS_Bundle.bundle in Resources */ = {isa = PBXBuildFile; fileRef = 88A780C218ACC14100CE0B8A /* TencentOpenApi_IOS_Bundle.bundle */; };
		88A780DC18ACC14100CE0B8A /* TKAlertCenter.m in Sources */ = {isa = PBXBuildFile; fileRef = 88A780C518ACC14100CE0B8A /* TKAlertCenter.m */; settings = {COMPILER_FLAGS = "-fno-objc-arc"; }; };
		88A780DD18ACC14100CE0B8A /* UIView+TKCategory.m in Sources */ = {isa = PBXBuildFile; fileRef = 88A780C718ACC14100CE0B8A /* UIView+TKCategory.m */; settings = {COMPILER_FLAGS = "-fno-objc-arc"; }; };
		88A780DE18ACC14100CE0B8A /* ViewController.m in Sources */ = {isa = PBXBuildFile; fileRef = 88A780C918ACC14100CE0B8A /* ViewController.m */; };
		88A780E018ACC2D800CE0B8A /* TencentOpenAPI.framework in Frameworks */ = {isa = PBXBuildFile; fileRef = 88A780DF18ACC2D800CE0B8A /* TencentOpenAPI.framework */; };
		88A780E218ACC33100CE0B8A /* QuartzCore.framework in Frameworks */ = {isa = PBXBuildFile; fileRef = 88A780E118ACC33100CE0B8A /* QuartzCore.framework */; };
		88E68ACA18ACD4F300B90995 /* Default-568h@2x.png in Resources */ = {isa = PBXBuildFile; fileRef = 88E68AC918ACD4F300B90995 /* Default-568h@2x.png */; };
		88E68ACF18ACDFF700B90995 /* icon-60@2x.png in Resources */ = {isa = PBXBuildFile; fileRef = 88E68ACE18ACDFF700B90995 /* icon-60@2x.png */; };
/* End PBXBuildFile section */

/* Begin PBXFileReference section */
		042E4F2C183B056400C3446A /* MZCroppableView.app */ = {isa = PBXFileReference; explicitFileType = wrapper.application; includeInIndex = 0; path = MZCroppableView.app; sourceTree = BUILT_PRODUCTS_DIR; };
		042E4F2F183B056400C3446A /* UIKit.framework */ = {isa = PBXFileReference; lastKnownFileType = wrapper.framework; name = UIKit.framework; path = System/Library/Frameworks/UIKit.framework; sourceTree = SDKROOT; };
		042E4F31183B056400C3446A /* Foundation.framework */ = {isa = PBXFileReference; lastKnownFileType = wrapper.framework; name = Foundation.framework; path = System/Library/Frameworks/Foundation.framework; sourceTree = SDKROOT; };
		042E4F33183B056400C3446A /* CoreGraphics.framework */ = {isa = PBXFileReference; lastKnownFileType = wrapper.framework; name = CoreGraphics.framework; path = System/Library/Frameworks/CoreGraphics.framework; sourceTree = SDKROOT; };
		88728C72188906E50087BA9B /* AssetsLibrary.framework */ = {isa = PBXFileReference; lastKnownFileType = wrapper.framework; name = AssetsLibrary.framework; path = System/Library/Frameworks/AssetsLibrary.framework; sourceTree = SDKROOT; };
		8887E527188A636900398C43 /* libsqlite3.dylib */ = {isa = PBXFileReference; lastKnownFileType = "compiled.mach-o.dylib"; name = libsqlite3.dylib; path = usr/lib/libsqlite3.dylib; sourceTree = SDKROOT; };
		8887E529188A637700398C43 /* CFNetwork.framework */ = {isa = PBXFileReference; lastKnownFileType = wrapper.framework; name = CFNetwork.framework; path = System/Library/Frameworks/CFNetwork.framework; sourceTree = SDKROOT; };
		8887E52B188A63CA00398C43 /* Security.framework */ = {isa = PBXFileReference; lastKnownFileType = wrapper.framework; name = Security.framework; path = System/Library/Frameworks/Security.framework; sourceTree = SDKROOT; };
		8887E52D188A63D500398C43 /* libiconv.dylib */ = {isa = PBXFileReference; lastKnownFileType = "compiled.mach-o.dylib"; name = libiconv.dylib; path = usr/lib/libiconv.dylib; sourceTree = SDKROOT; };
		8887E52F188A63E200398C43 /* SystemConfiguration.framework */ = {isa = PBXFileReference; lastKnownFileType = wrapper.framework; name = SystemConfiguration.framework; path = System/Library/Frameworks/SystemConfiguration.framework; sourceTree = SDKROOT; };
		8887E531188A63F500398C43 /* CoreTelephony.framework */ = {isa = PBXFileReference; lastKnownFileType = wrapper.framework; name = CoreTelephony.framework; path = System/Library/Frameworks/CoreTelephony.framework; sourceTree = SDKROOT; };
		8887E533188A63FD00398C43 /* libstdc++.dylib */ = {isa = PBXFileReference; lastKnownFileType = "compiled.mach-o.dylib"; name = "libstdc++.dylib"; path = "usr/lib/libstdc++.dylib"; sourceTree = SDKROOT; };
		8887E535188A640300398C43 /* libz.dylib */ = {isa = PBXFileReference; lastKnownFileType = "compiled.mach-o.dylib"; name = libz.dylib; path = usr/lib/libz.dylib; sourceTree = SDKROOT; };
		88A7809D18ACC14100CE0B8A /* AppDelegate.h */ = {isa = PBXFileReference; fileEncoding = 4; lastKnownFileType = sourcecode.c.h; path = AppDelegate.h; sourceTree = "<group>"; };
		88A7809E18ACC14100CE0B8A /* AppDelegate.m */ = {isa = PBXFileReference; fileEncoding = 4; lastKnownFileType = sourcecode.c.objc; path = AppDelegate.m; sourceTree = "<group>"; };
		88A780A018ACC14100CE0B8A /* 1.jpg */ = {isa = PBXFileReference; lastKnownFileType = image.jpeg; path = 1.jpg; sourceTree = "<group>"; };
		88A780A118ACC14100CE0B8A /* MZCroppableView.h */ = {isa = PBXFileReference; fileEncoding = 4; lastKnownFileType = sourcecode.c.h; path = MZCroppableView.h; sourceTree = "<group>"; };
		88A780A218ACC14100CE0B8A /* MZCroppableView.m */ = {isa = PBXFileReference; fileEncoding = 4; lastKnownFileType = sourcecode.c.objc; path = MZCroppableView.m; sourceTree = "<group>"; };
		88A780A318ACC14100CE0B8A /* UIBezierPath-Points.h */ = {isa = PBXFileReference; fileEncoding = 4; lastKnownFileType = sourcecode.c.h; path = "UIBezierPath-Points.h"; sourceTree = "<group>"; };
		88A780A418ACC14100CE0B8A /* UIBezierPath-Points.m */ = {isa = PBXFileReference; fileEncoding = 4; lastKnownFileType = sourcecode.c.objc; path = "UIBezierPath-Points.m"; sourceTree = "<group>"; };
		88A780A518ACC14100CE0B8A /* Default.png */ = {isa = PBXFileReference; lastKnownFileType = image.png; path = Default.png; sourceTree = "<group>"; };
		88A780A618ACC14100CE0B8A /* Default@2x.png */ = {isa = PBXFileReference; lastKnownFileType = image.png; path = "Default@2x.png"; sourceTree = "<group>"; };
		88A780A818ACC14100CE0B8A /* en */ = {isa = PBXFileReference; lastKnownFileType = text.plist.strings; name = en; path = en.lproj/InfoPlist.strings; sourceTree = "<group>"; };
		88A780A918ACC14100CE0B8A /* icon.png */ = {isa = PBXFileReference; lastKnownFileType = image.png; path = icon.png; sourceTree = "<group>"; };
		88A780AA18ACC14100CE0B8A /* icon@2x.png */ = {isa = PBXFileReference; lastKnownFileType = image.png; path = "icon@2x.png"; sourceTree = "<group>"; };
		88A780AB18ACC14100CE0B8A /* main.m */ = {isa = PBXFileReference; fileEncoding = 4; lastKnownFileType = sourcecode.c.objc; path = main.m; sourceTree = "<group>"; };
		88A780AC18ACC14100CE0B8A /* MZCroppableView-Info.plist */ = {isa = PBXFileReference; fileEncoding = 4; lastKnownFileType = text.plist.xml; path = "MZCroppableView-Info.plist"; sourceTree = "<group>"; };
		88A780AD18ACC14100CE0B8A /* MZCroppableView-Prefix.pch */ = {isa = PBXFileReference; fileEncoding = 4; lastKnownFileType = sourcecode.c.h; path = "MZCroppableView-Prefix.pch"; sourceTree = "<group>"; };
		88A780AE18ACC14100CE0B8A /* OperationViewController.h */ = {isa = PBXFileReference; fileEncoding = 4; lastKnownFileType = sourcecode.c.h; path = OperationViewController.h; sourceTree = "<group>"; };
		88A780AF18ACC14100CE0B8A /* OperationViewController.m */ = {isa = PBXFileReference; fileEncoding = 4; lastKnownFileType = sourcecode.c.objc; path = OperationViewController.m; sourceTree = "<group>"; };
		88A780B018ACC14100CE0B8A /* QQApiHelper.h */ = {isa = PBXFileReference; fileEncoding = 4; lastKnownFileType = sourcecode.c.h; path = QQApiHelper.h; sourceTree = "<group>"; };
		88A780B118ACC14100CE0B8A /* QQApiHelper.m */ = {isa = PBXFileReference; fileEncoding = 4; lastKnownFileType = sourcecode.c.objc; path = QQApiHelper.m; sourceTree = "<group>"; };
		88A780B318ACC14100CE0B8A /* libUMAppNetwork_4.6.a */ = {isa = PBXFileReference; lastKnownFileType = archive.ar; path = libUMAppNetwork_4.6.a; sourceTree = "<group>"; };
		88A780B418ACC14100CE0B8A /* UMUFP.bundle */ = {isa = PBXFileReference; lastKnownFileType = "wrapper.plug-in"; path = UMUFP.bundle; sourceTree = "<group>"; };
		88A780B518ACC14100CE0B8A /* UMUFPBadgeView.h */ = {isa = PBXFileReference; fileEncoding = 4; lastKnownFileType = sourcecode.c.h; path = UMUFPBadgeView.h; sourceTree = "<group>"; };
		88A780B618ACC14100CE0B8A /* UMUFPBannerView.h */ = {isa = PBXFileReference; fileEncoding = 4; lastKnownFileType = sourcecode.c.h; path = UMUFPBannerView.h; sourceTree = "<group>"; };
		88A780B718ACC14100CE0B8A /* UMUFPGridCell.h */ = {isa = PBXFileReference; fileEncoding = 4; lastKnownFileType = sourcecode.c.h; path = UMUFPGridCell.h; sourceTree = "<group>"; };
		88A780B818ACC14100CE0B8A /* UMUFPGridView.h */ = {isa = PBXFileReference; fileEncoding = 4; lastKnownFileType = sourcecode.c.h; path = UMUFPGridView.h; sourceTree = "<group>"; };
		88A780B918ACC14100CE0B8A /* UMUFPHandleView.h */ = {isa = PBXFileReference; fileEncoding = 4; lastKnownFileType = sourcecode.c.h; path = UMUFPHandleView.h; sourceTree = "<group>"; };
		88A780BA18ACC14100CE0B8A /* UMUFPImageView.h */ = {isa = PBXFileReference; fileEncoding = 4; lastKnownFileType = sourcecode.c.h; path = UMUFPImageView.h; sourceTree = "<group>"; };
		88A780BB18ACC14100CE0B8A /* UMUFPTableView.h */ = {isa = PBXFileReference; fileEncoding = 4; lastKnownFileType = sourcecode.c.h; path = UMUFPTableView.h; sourceTree = "<group>"; };
		88A780BC18ACC14100CE0B8A /* UMUFPWebView.h */ = {isa = PBXFileReference; fileEncoding = 4; lastKnownFileType = sourcecode.c.h; path = UMUFPWebView.h; sourceTree = "<group>"; };
		88A780BE18ACC14100CE0B8A /* libWeChatSDK.a */ = {isa = PBXFileReference; lastKnownFileType = archive.ar; path = libWeChatSDK.a; sourceTree = "<group>"; };
		88A780BF18ACC14100CE0B8A /* WXApi.h */ = {isa = PBXFileReference; fileEncoding = 4; lastKnownFileType = sourcecode.c.h; path = WXApi.h; sourceTree = "<group>"; };
		88A780C018ACC14100CE0B8A /* WXApiObject.h */ = {isa = PBXFileReference; fileEncoding = 4; lastKnownFileType = sourcecode.c.h; path = WXApiObject.h; sourceTree = "<group>"; };
		88A780C218ACC14100CE0B8A /* TencentOpenApi_IOS_Bundle.bundle */ = {isa = PBXFileReference; lastKnownFileType = "wrapper.plug-in"; path = TencentOpenApi_IOS_Bundle.bundle; sourceTree = "<group>"; };
		88A780C418ACC14100CE0B8A /* TKAlertCenter.h */ = {isa = PBXFileReference; fileEncoding = 4; lastKnownFileType = sourcecode.c.h; path = TKAlertCenter.h; sourceTree = "<group>"; };
		88A780C518ACC14100CE0B8A /* TKAlertCenter.m */ = {isa = PBXFileReference; fileEncoding = 4; lastKnownFileType = sourcecode.c.objc; path = TKAlertCenter.m; sourceTree = "<group>"; };
		88A780C618ACC14100CE0B8A /* UIView+TKCategory.h */ = {isa = PBXFileReference; fileEncoding = 4; lastKnownFileType = sourcecode.c.h; path = "UIView+TKCategory.h"; sourceTree = "<group>"; };
		88A780C718ACC14100CE0B8A /* UIView+TKCategory.m */ = {isa = PBXFileReference; fileEncoding = 4; lastKnownFileType = sourcecode.c.objc; path = "UIView+TKCategory.m"; sourceTree = "<group>"; };
		88A780C818ACC14100CE0B8A /* ViewController.h */ = {isa = PBXFileReference; fileEncoding = 4; lastKnownFileType = sourcecode.c.h; path = ViewController.h; sourceTree = "<group>"; };
		88A780C918ACC14100CE0B8A /* ViewController.m */ = {isa = PBXFileReference; fileEncoding = 4; lastKnownFileType = sourcecode.c.objc; path = ViewController.m; sourceTree = "<group>"; };
		88A780DF18ACC2D800CE0B8A /* TencentOpenAPI.framework */ = {isa = PBXFileReference; lastKnownFileType = wrapper.framework; path = TencentOpenAPI.framework; sourceTree = "<group>"; };
		88A780E118ACC33100CE0B8A /* QuartzCore.framework */ = {isa = PBXFileReference; lastKnownFileType = wrapper.framework; name = QuartzCore.framework; path = System/Library/Frameworks/QuartzCore.framework; sourceTree = SDKROOT; };
		88E68AC918ACD4F300B90995 /* Default-568h@2x.png */ = {isa = PBXFileReference; lastKnownFileType = image.png; path = "Default-568h@2x.png"; sourceTree = "<group>"; };
		88E68ACE18ACDFF700B90995 /* icon-60@2x.png */ = {isa = PBXFileReference; lastKnownFileType = image.png; path = "icon-60@2x.png"; sourceTree = "<group>"; };
/* End PBXFileReference section */

/* Begin PBXFrameworksBuildPhase section */
		042E4F29183B056400C3446A /* Frameworks */ = {
			isa = PBXFrameworksBuildPhase;
			buildActionMask = 2147483647;
			files = (
				88A780E218ACC33100CE0B8A /* QuartzCore.framework in Frameworks */,
				88A780D918ACC14100CE0B8A /* libWeChatSDK.a in Frameworks */,
				8887E536188A640300398C43 /* libz.dylib in Frameworks */,
				8887E534188A63FD00398C43 /* libstdc++.dylib in Frameworks */,
				8887E532188A63F500398C43 /* CoreTelephony.framework in Frameworks */,
				8887E528188A636900398C43 /* libsqlite3.dylib in Frameworks */,
				88A780D718ACC14100CE0B8A /* libUMAppNetwork_4.6.a in Frameworks */,
				042E4F34183B056400C3446A /* CoreGraphics.framework in Frameworks */,
				8887E530188A63E200398C43 /* SystemConfiguration.framework in Frameworks */,
				8887E52E188A63D500398C43 /* libiconv.dylib in Frameworks */,
				8887E52C188A63CA00398C43 /* Security.framework in Frameworks */,
				88A780E018ACC2D800CE0B8A /* TencentOpenAPI.framework in Frameworks */,
				8887E52A188A637700398C43 /* CFNetwork.framework in Frameworks */,
				88728C73188906E50087BA9B /* AssetsLibrary.framework in Frameworks */,
				042E4F30183B056400C3446A /* UIKit.framework in Frameworks */,
				042E4F32183B056400C3446A /* Foundation.framework in Frameworks */,
			);
			runOnlyForDeploymentPostprocessing = 0;
		};
/* End PBXFrameworksBuildPhase section */

/* Begin PBXGroup section */
		042E4F23183B056400C3446A = {
			isa = PBXGroup;
			children = (
				88A7809C18ACC14100CE0B8A /* MZCroppableView */,
				042E4F2E183B056400C3446A /* Frameworks */,
				042E4F2D183B056400C3446A /* Products */,
			);
			sourceTree = "<group>";
		};
		042E4F2D183B056400C3446A /* Products */ = {
			isa = PBXGroup;
			children = (
				042E4F2C183B056400C3446A /* MZCroppableView.app */,
			);
			name = Products;
			sourceTree = "<group>";
		};
		042E4F2E183B056400C3446A /* Frameworks */ = {
			isa = PBXGroup;
			children = (
				88A780E118ACC33100CE0B8A /* QuartzCore.framework */,
				88728C72188906E50087BA9B /* AssetsLibrary.framework */,
				8887E535188A640300398C43 /* libz.dylib */,
				8887E533188A63FD00398C43 /* libstdc++.dylib */,
				8887E531188A63F500398C43 /* CoreTelephony.framework */,
				8887E52F188A63E200398C43 /* SystemConfiguration.framework */,
				8887E52D188A63D500398C43 /* libiconv.dylib */,
				8887E52B188A63CA00398C43 /* Security.framework */,
				8887E529188A637700398C43 /* CFNetwork.framework */,
				8887E527188A636900398C43 /* libsqlite3.dylib */,
				042E4F2F183B056400C3446A /* UIKit.framework */,
				042E4F31183B056400C3446A /* Foundation.framework */,
				042E4F33183B056400C3446A /* CoreGraphics.framework */,
			);
			name = Frameworks;
			sourceTree = "<group>";
		};
		88A7809C18ACC14100CE0B8A /* MZCroppableView */ = {
			isa = PBXGroup;
			children = (
				88A7809D18ACC14100CE0B8A /* AppDelegate.h */,
				88A7809E18ACC14100CE0B8A /* AppDelegate.m */,
				88A7809F18ACC14100CE0B8A /* Classes */,
				88A780A518ACC14100CE0B8A /* Default.png */,
				88E68AC918ACD4F300B90995 /* Default-568h@2x.png */,
				88A780A618ACC14100CE0B8A /* Default@2x.png */,
				88A780A718ACC14100CE0B8A /* InfoPlist.strings */,
				88A780A918ACC14100CE0B8A /* icon.png */,
				88A780AA18ACC14100CE0B8A /* icon@2x.png */,
				88E68ACE18ACDFF700B90995 /* icon-60@2x.png */,
				88A780AB18ACC14100CE0B8A /* main.m */,
				88A780AC18ACC14100CE0B8A /* MZCroppableView-Info.plist */,
				88A780AD18ACC14100CE0B8A /* MZCroppableView-Prefix.pch */,
				88A780AE18ACC14100CE0B8A /* OperationViewController.h */,
				88A780AF18ACC14100CE0B8A /* OperationViewController.m */,
				88A780B018ACC14100CE0B8A /* QQApiHelper.h */,
				88A780B118ACC14100CE0B8A /* QQApiHelper.m */,
				88A780B218ACC14100CE0B8A /* SDK */,
				88A780BD18ACC14100CE0B8A /* SDKExport */,
				88A780C218ACC14100CE0B8A /* TencentOpenApi_IOS_Bundle.bundle */,
				88A780C318ACC14100CE0B8A /* TKAlertCenter */,
				88A780C818ACC14100CE0B8A /* ViewController.h */,
				88A780C918ACC14100CE0B8A /* ViewController.m */,
			);
			path = MZCroppableView;
			sourceTree = "<group>";
		};
		88A7809F18ACC14100CE0B8A /* Classes */ = {
			isa = PBXGroup;
			children = (
				88A780A018ACC14100CE0B8A /* 1.jpg */,
				88A780A118ACC14100CE0B8A /* MZCroppableView.h */,
				88A780A218ACC14100CE0B8A /* MZCroppableView.m */,
				88A780A318ACC14100CE0B8A /* UIBezierPath-Points.h */,
				88A780A418ACC14100CE0B8A /* UIBezierPath-Points.m */,
			);
			path = Classes;
			sourceTree = "<group>";
		};
		88A780B218ACC14100CE0B8A /* SDK */ = {
			isa = PBXGroup;
			children = (
				88A780B318ACC14100CE0B8A /* libUMAppNetwork_4.6.a */,
				88A780B418ACC14100CE0B8A /* UMUFP.bundle */,
				88A780B518ACC14100CE0B8A /* UMUFPBadgeView.h */,
				88A780B618ACC14100CE0B8A /* UMUFPBannerView.h */,
				88A780B718ACC14100CE0B8A /* UMUFPGridCell.h */,
				88A780B818ACC14100CE0B8A /* UMUFPGridView.h */,
				88A780B918ACC14100CE0B8A /* UMUFPHandleView.h */,
				88A780BA18ACC14100CE0B8A /* UMUFPImageView.h */,
				88A780BB18ACC14100CE0B8A /* UMUFPTableView.h */,
				88A780BC18ACC14100CE0B8A /* UMUFPWebView.h */,
			);
			path = SDK;
			sourceTree = "<group>";
		};
		88A780BD18ACC14100CE0B8A /* SDKExport */ = {
			isa = PBXGroup;
			children = (
				88A780DF18ACC2D800CE0B8A /* TencentOpenAPI.framework */,
				88A780BE18ACC14100CE0B8A /* libWeChatSDK.a */,
				88A780BF18ACC14100CE0B8A /* WXApi.h */,
				88A780C018ACC14100CE0B8A /* WXApiObject.h */,
			);
			path = SDKExport;
			sourceTree = "<group>";
		};
		88A780C318ACC14100CE0B8A /* TKAlertCenter */ = {
			isa = PBXGroup;
			children = (
				88A780C418ACC14100CE0B8A /* TKAlertCenter.h */,
				88A780C518ACC14100CE0B8A /* TKAlertCenter.m */,
				88A780C618ACC14100CE0B8A /* UIView+TKCategory.h */,
				88A780C718ACC14100CE0B8A /* UIView+TKCategory.m */,
			);
			path = TKAlertCenter;
			sourceTree = "<group>";
		};
/* End PBXGroup section */

/* Begin PBXNativeTarget section */
		042E4F2B183B056400C3446A /* MZCroppableView */ = {
			isa = PBXNativeTarget;
			buildConfigurationList = 042E4F49183B056400C3446A /* Build configuration list for PBXNativeTarget "MZCroppableView" */;
			buildPhases = (
				042E4F28183B056400C3446A /* Sources */,
				042E4F29183B056400C3446A /* Frameworks */,
				042E4F2A183B056400C3446A /* Resources */,
			);
			buildRules = (
			);
			dependencies = (
			);
			name = MZCroppableView;
			productName = MZCroppableView;
			productReference = 042E4F2C183B056400C3446A /* MZCroppableView.app */;
			productType = "com.apple.product-type.application";
		};
/* End PBXNativeTarget section */

/* Begin PBXProject section */
		042E4F24183B056400C3446A /* Project object */ = {
			isa = PBXProject;
			attributes = {
				LastUpgradeCheck = 0460;
				ORGANIZATIONNAME = Lebo;
			};
			buildConfigurationList = 042E4F27183B056400C3446A /* Build configuration list for PBXProject "MZCroppableView" */;
			compatibilityVersion = "Xcode 3.2";
			developmentRegion = English;
			hasScannedForEncodings = 0;
			knownRegions = (
				en,
			);
			mainGroup = 042E4F23183B056400C3446A;
			productRefGroup = 042E4F2D183B056400C3446A /* Products */;
			projectDirPath = "";
			projectRoot = "";
			targets = (
				042E4F2B183B056400C3446A /* MZCroppableView */,
			);
		};
/* End PBXProject section */

/* Begin PBXResourcesBuildPhase section */
		042E4F2A183B056400C3446A /* Resources */ = {
			isa = PBXResourcesBuildPhase;
			buildActionMask = 2147483647;
			files = (
				88A780CF18ACC14100CE0B8A /* Default@2x.png in Resources */,
				88E68ACF18ACDFF700B90995 /* icon-60@2x.png in Resources */,
				88A780D818ACC14100CE0B8A /* UMUFP.bundle in Resources */,
				88A780D418ACC14100CE0B8A /* MZCroppableView-Info.plist in Resources */,
				88E68ACA18ACD4F300B90995 /* Default-568h@2x.png in Resources */,
				88A780D118ACC14100CE0B8A /* icon.png in Resources */,
				88A780D018ACC14100CE0B8A /* InfoPlist.strings in Resources */,
				88A780CB18ACC14100CE0B8A /* 1.jpg in Resources */,
				88A780DB18ACC14100CE0B8A /* TencentOpenApi_IOS_Bundle.bundle in Resources */,
				88A780CE18ACC14100CE0B8A /* Default.png in Resources */,
				88A780D218ACC14100CE0B8A /* icon@2x.png in Resources */,
			);
			runOnlyForDeploymentPostprocessing = 0;
		};
/* End PBXResourcesBuildPhase section */

/* Begin PBXSourcesBuildPhase section */
		042E4F28183B056400C3446A /* Sources */ = {
			isa = PBXSourcesBuildPhase;
			buildActionMask = 2147483647;
			files = (
				88A780DE18ACC14100CE0B8A /* ViewController.m in Sources */,
				88A780CC18ACC14100CE0B8A /* MZCroppableView.m in Sources */,
				88A780DC18ACC14100CE0B8A /* TKAlertCenter.m in Sources */,
				88A780CA18ACC14100CE0B8A /* AppDelegate.m in Sources */,
				88A780D518ACC14100CE0B8A /* OperationViewController.m in Sources */,
				88A780D318ACC14100CE0B8A /* main.m in Sources */,
				88A780D618ACC14100CE0B8A /* QQApiHelper.m in Sources */,
				88A780CD18ACC14100CE0B8A /* UIBezierPath-Points.m in Sources */,
				88A780DD18ACC14100CE0B8A /* UIView+TKCategory.m in Sources */,
			);
			runOnlyForDeploymentPostprocessing = 0;
		};
/* End PBXSourcesBuildPhase section */

/* Begin PBXVariantGroup section */
		88A780A718ACC14100CE0B8A /* InfoPlist.strings */ = {
			isa = PBXVariantGroup;
			children = (
				88A780A818ACC14100CE0B8A /* en */,
			);
			name = InfoPlist.strings;
			sourceTree = "<group>";
		};
/* End PBXVariantGroup section */

/* Begin XCBuildConfiguration section */
		042E4F47183B056400C3446A /* Debug */ = {
			isa = XCBuildConfiguration;
			buildSettings = {
				ALWAYS_SEARCH_USER_PATHS = NO;
				CLANG_CXX_LANGUAGE_STANDARD = "gnu++0x";
				CLANG_CXX_LIBRARY = "libc++";
				CLANG_ENABLE_OBJC_ARC = YES;
				CLANG_WARN_CONSTANT_CONVERSION = YES;
				CLANG_WARN_EMPTY_BODY = YES;
				CLANG_WARN_ENUM_CONVERSION = YES;
				CLANG_WARN_INT_CONVERSION = YES;
				CLANG_WARN__DUPLICATE_METHOD_MATCH = YES;
				"CODE_SIGN_IDENTITY[sdk=iphoneos*]" = "iPhone Developer";
				COPY_PHASE_STRIP = NO;
				GCC_C_LANGUAGE_STANDARD = gnu99;
				GCC_DYNAMIC_NO_PIC = NO;
				GCC_OPTIMIZATION_LEVEL = 0;
				GCC_PREPROCESSOR_DEFINITIONS = (
					"DEBUG=1",
					"$(inherited)",
				);
				GCC_SYMBOLS_PRIVATE_EXTERN = NO;
				GCC_WARN_ABOUT_RETURN_TYPE = YES;
				GCC_WARN_UNINITIALIZED_AUTOS = YES;
				GCC_WARN_UNUSED_VARIABLE = YES;
				IPHONEOS_DEPLOYMENT_TARGET = 4.3;
				ONLY_ACTIVE_ARCH = YES;
				SDKROOT = iphoneos;
			};
			name = Debug;
		};
		042E4F48183B056400C3446A /* Release */ = {
			isa = XCBuildConfiguration;
			buildSettings = {
				ALWAYS_SEARCH_USER_PATHS = NO;
				CLANG_CXX_LANGUAGE_STANDARD = "gnu++0x";
				CLANG_CXX_LIBRARY = "libc++";
				CLANG_ENABLE_OBJC_ARC = YES;
				CLANG_WARN_CONSTANT_CONVERSION = YES;
				CLANG_WARN_EMPTY_BODY = YES;
				CLANG_WARN_ENUM_CONVERSION = YES;
				CLANG_WARN_INT_CONVERSION = YES;
				CLANG_WARN__DUPLICATE_METHOD_MATCH = YES;
				"CODE_SIGN_IDENTITY[sdk=iphoneos*]" = "iPhone Developer";
				COPY_PHASE_STRIP = YES;
				GCC_C_LANGUAGE_STANDARD = gnu99;
				GCC_WARN_ABOUT_RETURN_TYPE = YES;
				GCC_WARN_UNINITIALIZED_AUTOS = YES;
				GCC_WARN_UNUSED_VARIABLE = YES;
				IPHONEOS_DEPLOYMENT_TARGET = 4.3;
				OTHER_CFLAGS = "-DNS_BLOCK_ASSERTIONS=1";
				SDKROOT = iphoneos;
				VALIDATE_PRODUCT = YES;
			};
			name = Release;
		};
		042E4F4A183B056400C3446A /* Debug */ = {
			isa = XCBuildConfiguration;
			buildSettings = {
				CODE_SIGN_IDENTITY = "iPhone Developer";
				FRAMEWORK_SEARCH_PATHS = (
					"$(inherited)",
					"/Users/lebo/Downloads/画不规则曲线截图源码/MZCroppableView",
					/Users/lebo/Desktop/iPhoneDemo/MZCroppableView/MZCroppableView,
					/Users/lebo/Desktop/iPhoneDemo/MZCroppableView/MZCroppableView/SDKExport,
				);
				GCC_PRECOMPILE_PREFIX_HEADER = YES;
				GCC_PREFIX_HEADER = "MZCroppableView/MZCroppableView-Prefix.pch";
				INFOPLIST_FILE = "MZCroppableView/MZCroppableView-Info.plist";
				IPHONEOS_DEPLOYMENT_TARGET = 5.0;
				LIBRARY_SEARCH_PATHS = (
					"$(inherited)",
					"/Users/lebo/Downloads/画不规则曲线截图源码/MZCroppableView/SDKExport",
					/Users/lebo/Desktop/iPhoneDemo/MZCroppableView/MZCroppableView/SDKExport,
					/Users/lebo/Desktop/iPhoneDemo/MZCroppableView/MZCroppableView/SDK,
				);
				PRODUCT_NAME = "$(TARGET_NAME)";
				PROVISIONING_PROFILE = "4EC5E377-8341-40A5-BE8D-D809AA3F42A3";
				TARGETED_DEVICE_FAMILY = 1;
				WRAPPER_EXTENSION = app;
			};
			name = Debug;
		};
		042E4F4B183B056400C3446A /* Release */ = {
			isa = XCBuildConfiguration;
			buildSettings = {
				CODE_SIGN_IDENTITY = "iPhone Distribution";
				FRAMEWORK_SEARCH_PATHS = (
					"$(inherited)",
					"/Users/lebo/Downloads/画不规则曲线截图源码/MZCroppableView",
					/Users/lebo/Desktop/iPhoneDemo/MZCroppableView/MZCroppableView,
					/Users/lebo/Desktop/iPhoneDemo/MZCroppableView/MZCroppableView/SDKExport,
				);
				GCC_PRECOMPILE_PREFIX_HEADER = YES;
				GCC_PREFIX_HEADER = "MZCroppableView/MZCroppableView-Prefix.pch";
				INFOPLIST_FILE = "MZCroppableView/MZCroppableView-Info.plist";
				IPHONEOS_DEPLOYMENT_TARGET = 5.0;
				LIBRARY_SEARCH_PATHS = (
					"$(inherited)",
					"/Users/lebo/Downloads/画不规则曲线截图源码/MZCroppableView/SDKExport",
					/Users/lebo/Desktop/iPhoneDemo/MZCroppableView/MZCroppableView/SDKExport,
					/Users/lebo/Desktop/iPhoneDemo/MZCroppableView/MZCroppableView/SDK,
				);
				PRODUCT_NAME = "$(TARGET_NAME)";
				PROVISIONING_PROFILE = "0FC89E53-8359-4B94-AD78-4046971CEFEB";
				TARGETED_DEVICE_FAMILY = 1;
				WRAPPER_EXTENSION = app;
			};
			name = Release;
		};
/* End XCBuildConfiguration section */

/* Begin XCConfigurationList section */
		042E4F27183B056400C3446A /* Build configuration list for PBXProject "MZCroppableView" */ = {
			isa = XCConfigurationList;
			buildConfigurations = (
				042E4F47183B056400C3446A /* Debug */,
				042E4F48183B056400C3446A /* Release */,
			);
			defaultConfigurationIsVisible = 0;
			defaultConfigurationName = Release;
		};
		042E4F49183B056400C3446A /* Build configuration list for PBXNativeTarget "MZCroppableView" */ = {
			isa = XCConfigurationList;
			buildConfigurations = (
				042E4F4A183B056400C3446A /* Debug */,
				042E4F4B183B056400C3446A /* Release */,
			);
			defaultConfigurationIsVisible = 0;
			defaultConfigurationName = Release;
		};
/* End XCConfigurationList section */
	};
	rootObject = 042E4F24183B056400C3446A /* Project object */;
}
