// !$*UTF8*$!
{
	archiveVersion = 1;
	classes = {
	};
	objectVersion = 46;
	objects = {

/* Begin PBXBuildFile section */
		042E4F30183B056400C3446A /* UIKit.framework in Frameworks */ = {isa = PBXBuildFile; fileRef = 042E4F2F183B056400C3446A /* UIKit.framework */; };
		042E4F32183B056400C3446A /* Foundation.framework in Frameworks */ = {isa = PBXBuildFile; fileRef = 042E4F31183B056400C3446A /* Foundation.framework */; };
		042E4F34183B056400C3446A /* CoreGraphics.framework in Frameworks */ = {isa = PBXBuildFile; fileRef = 042E4F33183B056400C3446A /* CoreGraphics.framework */; };
		88728C73188906E50087BA9B /* AssetsLibrary.framework in Frameworks */ = {isa = PBXBuildFile; fileRef = 88728C72188906E50087BA9B /* AssetsLibrary.framework */; };
		8887E528188A636900398C43 /* libsqlite3.dylib in Frameworks */ = {isa = PBXBuildFile; fileRef = 8887E527188A636900398C43 /* libsqlite3.dylib */; };
		8887E52A188A637700398C43 /* CFNetwork.framework in Frameworks */ = {isa = PBXBuildFile; fileRef = 8887E529188A637700398C43 /* CFNetwork.framework */; };
		8887E52C188A63CA00398C43 /* Security.framework in Frameworks */ = {isa = PBXBuildFile; fileRef = 8887E52B188A63CA00398C43 /* Security.framework */; };
		8887E52E188A63D500398C43 /* libiconv.dylib in Frameworks */ = {isa = PBXBuildFile; fileRef = 8887E52D188A63D500398C43 /* libiconv.dylib */; };
		8887E530188A63E200398C43 /* SystemConfiguration.framework in Frameworks */ = {isa = PBXBuildFile; fileRef = 8887E52F188A63E200398C43 /* SystemConfiguration.framework */; };
		8887E532188A63F500398C43 /* CoreTelephony.framework in Frameworks */ = {isa = PBXBuildFile; fileRef = 8887E531188A63F500398C43 /* CoreTelephony.framework */; };
		8887E534188A63FD00398C43 /* libstdc++.dylib in Frameworks */ = {isa = PBXBuildFile; fileRef = 8887E533188A63FD00398C43 /* libstdc++.dylib */; };
		8887E536188A640300398C43 /* libz.dylib in Frameworks */ = {isa = PBXBuildFile; fileRef = 8887E535188A640300398C43 /* libz.dylib */; };
		8887E5AB188AB6C100398C43 /* AppDelegate.m in Sources */ = {isa = PBXBuildFile; fileRef = 8887E58A188AB6C100398C43 /* AppDelegate.m */; };
		8887E5AC188AB6C100398C43 /* 1.jpg in Resources */ = {isa = PBXBuildFile; fileRef = 8887E58C188AB6C100398C43 /* 1.jpg */; };
		8887E5AD188AB6C100398C43 /* MZCroppableView.m in Sources */ = {isa = PBXBuildFile; fileRef = 8887E58E188AB6C100398C43 /* MZCroppableView.m */; };
		8887E5AE188AB6C100398C43 /* UIBezierPath-Points.m in Sources */ = {isa = PBXBuildFile; fileRef = 8887E590188AB6C100398C43 /* UIBezierPath-Points.m */; };
		8887E5AF188AB6C100398C43 /* Default.png in Resources */ = {isa = PBXBuildFile; fileRef = 8887E591188AB6C100398C43 /* Default.png */; };
		8887E5B0188AB6C100398C43 /* Default@2x.png in Resources */ = {isa = PBXBuildFile; fileRef = 8887E592188AB6C100398C43 /* Default@2x.png */; };
		8887E5B1188AB6C100398C43 /* InfoPlist.strings in Resources */ = {isa = PBXBuildFile; fileRef = 8887E593188AB6C100398C43 /* InfoPlist.strings */; };
		8887E5B2188AB6C100398C43 /* icon.png in Resources */ = {isa = PBXBuildFile; fileRef = 8887E595188AB6C100398C43 /* icon.png */; };
		8887E5B3188AB6C100398C43 /* icon@2x.png in Resources */ = {isa = PBXBuildFile; fileRef = 8887E596188AB6C100398C43 /* icon@2x.png */; };
		8887E5B4188AB6C100398C43 /* main.m in Sources */ = {isa = PBXBuildFile; fileRef = 8887E597188AB6C100398C43 /* main.m */; };
		8887E5B5188AB6C100398C43 /* MZCroppableView-Info.plist in Resources */ = {isa = PBXBuildFile; fileRef = 8887E598188AB6C100398C43 /* MZCroppableView-Info.plist */; };
		8887E5B6188AB6C100398C43 /* OperationViewController.m in Sources */ = {isa = PBXBuildFile; fileRef = 8887E59B188AB6C100398C43 /* OperationViewController.m */; };
		8887E5B7188AB6C100398C43 /* QQApiHelper.m in Sources */ = {isa = PBXBuildFile; fileRef = 8887E59D188AB6C100398C43 /* QQApiHelper.m */; };
		8887E5B8188AB6C100398C43 /* libWeChatSDK.a in Frameworks */ = {isa = PBXBuildFile; fileRef = 8887E59F188AB6C100398C43 /* libWeChatSDK.a */; };
		8887E5B9188AB6C100398C43 /* TencentOpenAPI.framework in Frameworks */ = {isa = PBXBuildFile; fileRef = 8887E5A2188AB6C100398C43 /* TencentOpenAPI.framework */; };
		8887E5BA188AB6C100398C43 /* TencentOpenApi_IOS_Bundle.bundle in Resources */ = {isa = PBXBuildFile; fileRef = 8887E5A3188AB6C100398C43 /* TencentOpenApi_IOS_Bundle.bundle */; };
		8887E5BB188AB6C100398C43 /* TKAlertCenter.m in Sources */ = {isa = PBXBuildFile; fileRef = 8887E5A6188AB6C100398C43 /* TKAlertCenter.m */; settings = {COMPILER_FLAGS = "-fno-objc-arc"; }; };
		8887E5BC188AB6C100398C43 /* UIView+TKCategory.m in Sources */ = {isa = PBXBuildFile; fileRef = 8887E5A8188AB6C100398C43 /* UIView+TKCategory.m */; settings = {COMPILER_FLAGS = "-fno-objc-arc"; }; };
		8887E5BD188AB6C100398C43 /* ViewController.m in Sources */ = {isa = PBXBuildFile; fileRef = 8887E5AA188AB6C100398C43 /* ViewController.m */; };
/* End PBXBuildFile section */

/* Begin PBXFileReference section */
		042E4F2C183B056400C3446A /* MZCroppableView.app */ = {isa = PBXFileReference; explicitFileType = wrapper.application; includeInIndex = 0; path = MZCroppableView.app; sourceTree = BUILT_PRODUCTS_DIR; };
		042E4F2F183B056400C3446A /* UIKit.framework */ = {isa = PBXFileReference; lastKnownFileType = wrapper.framework; name = UIKit.framework; path = System/Library/Frameworks/UIKit.framework; sourceTree = SDKROOT; };
		042E4F31183B056400C3446A /* Foundation.framework */ = {isa = PBXFileReference; lastKnownFileType = wrapper.framework; name = Foundation.framework; path = System/Library/Frameworks/Foundation.framework; sourceTree = SDKROOT; };
		042E4F33183B056400C3446A /* CoreGraphics.framework */ = {isa = PBXFileReference; lastKnownFileType = wrapper.framework; name = CoreGraphics.framework; path = System/Library/Frameworks/CoreGraphics.framework; sourceTree = SDKROOT; };
		88728C72188906E50087BA9B /* AssetsLibrary.framework */ = {isa = PBXFileReference; lastKnownFileType = wrapper.framework; name = AssetsLibrary.framework; path = System/Library/Frameworks/AssetsLibrary.framework; sourceTree = SDKROOT; };
		8887E527188A636900398C43 /* libsqlite3.dylib */ = {isa = PBXFileReference; lastKnownFileType = "compiled.mach-o.dylib"; name = libsqlite3.dylib; path = usr/lib/libsqlite3.dylib; sourceTree = SDKROOT; };
		8887E529188A637700398C43 /* CFNetwork.framework */ = {isa = PBXFileReference; lastKnownFileType = wrapper.framework; name = CFNetwork.framework; path = System/Library/Frameworks/CFNetwork.framework; sourceTree = SDKROOT; };
		8887E52B188A63CA00398C43 /* Security.framework */ = {isa = PBXFileReference; lastKnownFileType = wrapper.framework; name = Security.framework; path = System/Library/Frameworks/Security.framework; sourceTree = SDKROOT; };
		8887E52D188A63D500398C43 /* libiconv.dylib */ = {isa = PBXFileReference; lastKnownFileType = "compiled.mach-o.dylib"; name = libiconv.dylib; path = usr/lib/libiconv.dylib; sourceTree = SDKROOT; };
		8887E52F188A63E200398C43 /* SystemConfiguration.framework */ = {isa = PBXFileReference; lastKnownFileType = wrapper.framework; name = SystemConfiguration.framework; path = System/Library/Frameworks/SystemConfiguration.framework; sourceTree = SDKROOT; };
		8887E531188A63F500398C43 /* CoreTelephony.framework */ = {isa = PBXFileReference; lastKnownFileType = wrapper.framework; name = CoreTelephony.framework; path = System/Library/Frameworks/CoreTelephony.framework; sourceTree = SDKROOT; };
		8887E533188A63FD00398C43 /* libstdc++.dylib */ = {isa = PBXFileReference; lastKnownFileType = "compiled.mach-o.dylib"; name = "libstdc++.dylib"; path = "usr/lib/libstdc++.dylib"; sourceTree = SDKROOT; };
		8887E535188A640300398C43 /* libz.dylib */ = {isa = PBXFileReference; lastKnownFileType = "compiled.mach-o.dylib"; name = libz.dylib; path = usr/lib/libz.dylib; sourceTree = SDKROOT; };
		8887E589188AB6C100398C43 /* AppDelegate.h */ = {isa = PBXFileReference; fileEncoding = 4; lastKnownFileType = sourcecode.c.h; path = AppDelegate.h; sourceTree = "<group>"; };
		8887E58A188AB6C100398C43 /* AppDelegate.m */ = {isa = PBXFileReference; fileEncoding = 4; lastKnownFileType = sourcecode.c.objc; path = AppDelegate.m; sourceTree = "<group>"; };
		8887E58C188AB6C100398C43 /* 1.jpg */ = {isa = PBXFileReference; lastKnownFileType = image.jpeg; path = 1.jpg; sourceTree = "<group>"; };
		8887E58D188AB6C100398C43 /* MZCroppableView.h */ = {isa = PBXFileReference; fileEncoding = 4; lastKnownFileType = sourcecode.c.h; path = MZCroppableView.h; sourceTree = "<group>"; };
		8887E58E188AB6C100398C43 /* MZCroppableView.m */ = {isa = PBXFileReference; fileEncoding = 4; lastKnownFileType = sourcecode.c.objc; path = MZCroppableView.m; sourceTree = "<group>"; };
		8887E58F188AB6C100398C43 /* UIBezierPath-Points.h */ = {isa = PBXFileReference; fileEncoding = 4; lastKnownFileType = sourcecode.c.h; path = "UIBezierPath-Points.h"; sourceTree = "<group>"; };
		8887E590188AB6C100398C43 /* UIBezierPath-Points.m */ = {isa = PBXFileReference; fileEncoding = 4; lastKnownFileType = sourcecode.c.objc; path = "UIBezierPath-Points.m"; sourceTree = "<group>"; };
		8887E591188AB6C100398C43 /* Default.png */ = {isa = PBXFileReference; lastKnownFileType = image.png; path = Default.png; sourceTree = "<group>"; };
		8887E592188AB6C100398C43 /* Default@2x.png */ = {isa = PBXFileReference; lastKnownFileType = image.png; path = "Default@2x.png"; sourceTree = "<group>"; };
		8887E594188AB6C100398C43 /* en */ = {isa = PBXFileReference; lastKnownFileType = text.plist.strings; name = en; path = en.lproj/InfoPlist.strings; sourceTree = "<group>"; };
		8887E595188AB6C100398C43 /* icon.png */ = {isa = PBXFileReference; lastKnownFileType = image.png; path = icon.png; sourceTree = "<group>"; };
		8887E596188AB6C100398C43 /* icon@2x.png */ = {isa = PBXFileReference; lastKnownFileType = image.png; path = "icon@2x.png"; sourceTree = "<group>"; };
		8887E597188AB6C100398C43 /* main.m */ = {isa = PBXFileReference; fileEncoding = 4; lastKnownFileType = sourcecode.c.objc; path = main.m; sourceTree = "<group>"; };
		8887E598188AB6C100398C43 /* MZCroppableView-Info.plist */ = {isa = PBXFileReference; fileEncoding = 4; lastKnownFileType = text.plist.xml; path = "MZCroppableView-Info.plist"; sourceTree = "<group>"; };
		8887E599188AB6C100398C43 /* MZCroppableView-Prefix.pch */ = {isa = PBXFileReference; fileEncoding = 4; lastKnownFileType = sourcecode.c.h; path = "MZCroppableView-Prefix.pch"; sourceTree = "<group>"; };
		8887E59A188AB6C100398C43 /* OperationViewController.h */ = {isa = PBXFileReference; fileEncoding = 4; lastKnownFileType = sourcecode.c.h; path = OperationViewController.h; sourceTree = "<group>"; };
		8887E59B188AB6C100398C43 /* OperationViewController.m */ = {isa = PBXFileReference; fileEncoding = 4; lastKnownFileType = sourcecode.c.objc; path = OperationViewController.m; sourceTree = "<group>"; };
		8887E59C188AB6C100398C43 /* QQApiHelper.h */ = {isa = PBXFileReference; fileEncoding = 4; lastKnownFileType = sourcecode.c.h; path = QQApiHelper.h; sourceTree = "<group>"; };
		8887E59D188AB6C100398C43 /* QQApiHelper.m */ = {isa = PBXFileReference; fileEncoding = 4; lastKnownFileType = sourcecode.c.objc; path = QQApiHelper.m; sourceTree = "<group>"; };
		8887E59F188AB6C100398C43 /* libWeChatSDK.a */ = {isa = PBXFileReference; lastKnownFileType = archive.ar; path = libWeChatSDK.a; sourceTree = "<group>"; };
		8887E5A0188AB6C100398C43 /* WXApi.h */ = {isa = PBXFileReference; fileEncoding = 4; lastKnownFileType = sourcecode.c.h; path = WXApi.h; sourceTree = "<group>"; };
		8887E5A1188AB6C100398C43 /* WXApiObject.h */ = {isa = PBXFileReference; fileEncoding = 4; lastKnownFileType = sourcecode.c.h; path = WXApiObject.h; sourceTree = "<group>"; };
		8887E5A2188AB6C100398C43 /* TencentOpenAPI.framework */ = {isa = PBXFileReference; lastKnownFileType = wrapper.framework; path = TencentOpenAPI.framework; sourceTree = "<group>"; };
		8887E5A3188AB6C100398C43 /* TencentOpenApi_IOS_Bundle.bundle */ = {isa = PBXFileReference; lastKnownFileType = "wrapper.plug-in"; path = TencentOpenApi_IOS_Bundle.bundle; sourceTree = "<group>"; };
		8887E5A5188AB6C100398C43 /* TKAlertCenter.h */ = {isa = PBXFileReference; fileEncoding = 4; lastKnownFileType = sourcecode.c.h; path = TKAlertCenter.h; sourceTree = "<group>"; };
		8887E5A6188AB6C100398C43 /* TKAlertCenter.m */ = {isa = PBXFileReference; fileEncoding = 4; lastKnownFileType = sourcecode.c.objc; path = TKAlertCenter.m; sourceTree = "<group>"; };
		8887E5A7188AB6C100398C43 /* UIView+TKCategory.h */ = {isa = PBXFileReference; fileEncoding = 4; lastKnownFileType = sourcecode.c.h; path = "UIView+TKCategory.h"; sourceTree = "<group>"; };
		8887E5A8188AB6C100398C43 /* UIView+TKCategory.m */ = {isa = PBXFileReference; fileEncoding = 4; lastKnownFileType = sourcecode.c.objc; path = "UIView+TKCategory.m"; sourceTree = "<group>"; };
		8887E5A9188AB6C100398C43 /* ViewController.h */ = {isa = PBXFileReference; fileEncoding = 4; lastKnownFileType = sourcecode.c.h; path = ViewController.h; sourceTree = "<group>"; };
		8887E5AA188AB6C100398C43 /* ViewController.m */ = {isa = PBXFileReference; fileEncoding = 4; lastKnownFileType = sourcecode.c.objc; path = ViewController.m; sourceTree = "<group>"; };
/* End PBXFileReference section */

/* Begin PBXFrameworksBuildPhase section */
		042E4F29183B056400C3446A /* Frameworks */ = {
			isa = PBXFrameworksBuildPhase;
			buildActionMask = 2147483647;
			files = (
				8887E5B8188AB6C100398C43 /* libWeChatSDK.a in Frameworks */,
				8887E536188A640300398C43 /* libz.dylib in Frameworks */,
				8887E534188A63FD00398C43 /* libstdc++.dylib in Frameworks */,
				8887E532188A63F500398C43 /* CoreTelephony.framework in Frameworks */,
				8887E528188A636900398C43 /* libsqlite3.dylib in Frameworks */,
				042E4F34183B056400C3446A /* CoreGraphics.framework in Frameworks */,
				8887E530188A63E200398C43 /* SystemConfiguration.framework in Frameworks */,
				8887E52E188A63D500398C43 /* libiconv.dylib in Frameworks */,
				8887E52C188A63CA00398C43 /* Security.framework in Frameworks */,
				8887E52A188A637700398C43 /* CFNetwork.framework in Frameworks */,
				8887E5B9188AB6C100398C43 /* TencentOpenAPI.framework in Frameworks */,
				88728C73188906E50087BA9B /* AssetsLibrary.framework in Frameworks */,
				042E4F30183B056400C3446A /* UIKit.framework in Frameworks */,
				042E4F32183B056400C3446A /* Foundation.framework in Frameworks */,
			);
			runOnlyForDeploymentPostprocessing = 0;
		};
/* End PBXFrameworksBuildPhase section */

/* Begin PBXGroup section */
		042E4F23183B056400C3446A = {
			isa = PBXGroup;
			children = (
				8887E588188AB6C100398C43 /* MZCroppableView */,
				042E4F2E183B056400C3446A /* Frameworks */,
				042E4F2D183B056400C3446A /* Products */,
			);
			sourceTree = "<group>";
		};
		042E4F2D183B056400C3446A /* Products */ = {
			isa = PBXGroup;
			children = (
				042E4F2C183B056400C3446A /* MZCroppableView.app */,
			);
			name = Products;
			sourceTree = "<group>";
		};
		042E4F2E183B056400C3446A /* Frameworks */ = {
			isa = PBXGroup;
			children = (
				88728C72188906E50087BA9B /* AssetsLibrary.framework */,
				8887E535188A640300398C43 /* libz.dylib */,
				8887E533188A63FD00398C43 /* libstdc++.dylib */,
				8887E531188A63F500398C43 /* CoreTelephony.framework */,
				8887E52F188A63E200398C43 /* SystemConfiguration.framework */,
				8887E52D188A63D500398C43 /* libiconv.dylib */,
				8887E52B188A63CA00398C43 /* Security.framework */,
				8887E529188A637700398C43 /* CFNetwork.framework */,
				8887E527188A636900398C43 /* libsqlite3.dylib */,
				042E4F2F183B056400C3446A /* UIKit.framework */,
				042E4F31183B056400C3446A /* Foundation.framework */,
				042E4F33183B056400C3446A /* CoreGraphics.framework */,
			);
			name = Frameworks;
			sourceTree = "<group>";
		};
		8887E588188AB6C100398C43 /* MZCroppableView */ = {
			isa = PBXGroup;
			children = (
				8887E589188AB6C100398C43 /* AppDelegate.h */,
				8887E58A188AB6C100398C43 /* AppDelegate.m */,
				8887E58B188AB6C100398C43 /* Classes */,
				8887E591188AB6C100398C43 /* Default.png */,
				8887E592188AB6C100398C43 /* Default@2x.png */,
				8887E593188AB6C100398C43 /* InfoPlist.strings */,
				8887E595188AB6C100398C43 /* icon.png */,
				8887E596188AB6C100398C43 /* icon@2x.png */,
				8887E597188AB6C100398C43 /* main.m */,
				8887E598188AB6C100398C43 /* MZCroppableView-Info.plist */,
				8887E599188AB6C100398C43 /* MZCroppableView-Prefix.pch */,
				8887E59A188AB6C100398C43 /* OperationViewController.h */,
				8887E59B188AB6C100398C43 /* OperationViewController.m */,
				8887E59C188AB6C100398C43 /* QQApiHelper.h */,
				8887E59D188AB6C100398C43 /* QQApiHelper.m */,
				8887E59E188AB6C100398C43 /* SDKExport */,
				8887E5A2188AB6C100398C43 /* TencentOpenAPI.framework */,
				8887E5A3188AB6C100398C43 /* TencentOpenApi_IOS_Bundle.bundle */,
				8887E5A4188AB6C100398C43 /* TKAlertCenter */,
				8887E5A9188AB6C100398C43 /* ViewController.h */,
				8887E5AA188AB6C100398C43 /* ViewController.m */,
			);
			path = MZCroppableView;
			sourceTree = "<group>";
		};
		8887E58B188AB6C100398C43 /* Classes */ = {
			isa = PBXGroup;
			children = (
				8887E58C188AB6C100398C43 /* 1.jpg */,
				8887E58D188AB6C100398C43 /* MZCroppableView.h */,
				8887E58E188AB6C100398C43 /* MZCroppableView.m */,
				8887E58F188AB6C100398C43 /* UIBezierPath-Points.h */,
				8887E590188AB6C100398C43 /* UIBezierPath-Points.m */,
			);
			path = Classes;
			sourceTree = "<group>";
		};
		8887E59E188AB6C100398C43 /* SDKExport */ = {
			isa = PBXGroup;
			children = (
				8887E59F188AB6C100398C43 /* libWeChatSDK.a */,
				8887E5A0188AB6C100398C43 /* WXApi.h */,
				8887E5A1188AB6C100398C43 /* WXApiObject.h */,
			);
			path = SDKExport;
			sourceTree = "<group>";
		};
		8887E5A4188AB6C100398C43 /* TKAlertCenter */ = {
			isa = PBXGroup;
			children = (
				8887E5A5188AB6C100398C43 /* TKAlertCenter.h */,
				8887E5A6188AB6C100398C43 /* TKAlertCenter.m */,
				8887E5A7188AB6C100398C43 /* UIView+TKCategory.h */,
				8887E5A8188AB6C100398C43 /* UIView+TKCategory.m */,
			);
			path = TKAlertCenter;
			sourceTree = "<group>";
		};
/* End PBXGroup section */

/* Begin PBXNativeTarget section */
		042E4F2B183B056400C3446A /* MZCroppableView */ = {
			isa = PBXNativeTarget;
			buildConfigurationList = 042E4F49183B056400C3446A /* Build configuration list for PBXNativeTarget "MZCroppableView" */;
			buildPhases = (
				042E4F28183B056400C3446A /* Sources */,
				042E4F29183B056400C3446A /* Frameworks */,
				042E4F2A183B056400C3446A /* Resources */,
			);
			buildRules = (
			);
			dependencies = (
			);
			name = MZCroppableView;
			productName = MZCroppableView;
			productReference = 042E4F2C183B056400C3446A /* MZCroppableView.app */;
			productType = "com.apple.product-type.application";
		};
/* End PBXNativeTarget section */

/* Begin PBXProject section */
		042E4F24183B056400C3446A /* Project object */ = {
			isa = PBXProject;
			attributes = {
				LastUpgradeCheck = 0460;
				ORGANIZATIONNAME = Lebo;
			};
			buildConfigurationList = 042E4F27183B056400C3446A /* Build configuration list for PBXProject "MZCroppableView" */;
			compatibilityVersion = "Xcode 3.2";
			developmentRegion = English;
			hasScannedForEncodings = 0;
			knownRegions = (
				en,
			);
			mainGroup = 042E4F23183B056400C3446A;
			productRefGroup = 042E4F2D183B056400C3446A /* Products */;
			projectDirPath = "";
			projectRoot = "";
			targets = (
				042E4F2B183B056400C3446A /* MZCroppableView */,
			);
		};
/* End PBXProject section */

/* Begin PBXResourcesBuildPhase section */
		042E4F2A183B056400C3446A /* Resources */ = {
			isa = PBXResourcesBuildPhase;
			buildActionMask = 2147483647;
			files = (
				8887E5BA188AB6C100398C43 /* TencentOpenApi_IOS_Bundle.bundle in Resources */,
				8887E5B0188AB6C100398C43 /* Default@2x.png in Resources */,
				8887E5B5188AB6C100398C43 /* MZCroppableView-Info.plist in Resources */,
				8887E5B2188AB6C100398C43 /* icon.png in Resources */,
				8887E5B1188AB6C100398C43 /* InfoPlist.strings in Resources */,
				8887E5AC188AB6C100398C43 /* 1.jpg in Resources */,
				8887E5AF188AB6C100398C43 /* Default.png in Resources */,
				8887E5B3188AB6C100398C43 /* icon@2x.png in Resources */,
			);
			runOnlyForDeploymentPostprocessing = 0;
		};
/* End PBXResourcesBuildPhase section */

/* Begin PBXSourcesBuildPhase section */
		042E4F28183B056400C3446A /* Sources */ = {
			isa = PBXSourcesBuildPhase;
			buildActionMask = 2147483647;
			files = (
				8887E5BD188AB6C100398C43 /* ViewController.m in Sources */,
				8887E5AD188AB6C100398C43 /* MZCroppableView.m in Sources */,
				8887E5BB188AB6C100398C43 /* TKAlertCenter.m in Sources */,
				8887E5AB188AB6C100398C43 /* AppDelegate.m in Sources */,
				8887E5B6188AB6C100398C43 /* OperationViewController.m in Sources */,
				8887E5B4188AB6C100398C43 /* main.m in Sources */,
				8887E5B7188AB6C100398C43 /* QQApiHelper.m in Sources */,
				8887E5AE188AB6C100398C43 /* UIBezierPath-Points.m in Sources */,
				8887E5BC188AB6C100398C43 /* UIView+TKCategory.m in Sources */,
			);
			runOnlyForDeploymentPostprocessing = 0;
		};
/* End PBXSourcesBuildPhase section */

/* Begin PBXVariantGroup section */
		8887E593188AB6C100398C43 /* InfoPlist.strings */ = {
			isa = PBXVariantGroup;
			children = (
				8887E594188AB6C100398C43 /* en */,
			);
			name = InfoPlist.strings;
			sourceTree = "<group>";
		};
/* End PBXVariantGroup section */

/* Begin XCBuildConfiguration section */
		042E4F47183B056400C3446A /* Debug */ = {
			isa = XCBuildConfiguration;
			buildSettings = {
				ALWAYS_SEARCH_USER_PATHS = NO;
				CLANG_CXX_LANGUAGE_STANDARD = "gnu++0x";
				CLANG_CXX_LIBRARY = "libc++";
				CLANG_ENABLE_OBJC_ARC = YES;
				CLANG_WARN_CONSTANT_CONVERSION = YES;
				CLANG_WARN_EMPTY_BODY = YES;
				CLANG_WARN_ENUM_CONVERSION = YES;
				CLANG_WARN_INT_CONVERSION = YES;
				CLANG_WARN__DUPLICATE_METHOD_MATCH = YES;
				"CODE_SIGN_IDENTITY[sdk=iphoneos*]" = "iPhone Developer";
				COPY_PHASE_STRIP = NO;
				GCC_C_LANGUAGE_STANDARD = gnu99;
				GCC_DYNAMIC_NO_PIC = NO;
				GCC_OPTIMIZATION_LEVEL = 0;
				GCC_PREPROCESSOR_DEFINITIONS = (
					"DEBUG=1",
					"$(inherited)",
				);
				GCC_SYMBOLS_PRIVATE_EXTERN = NO;
				GCC_WARN_ABOUT_RETURN_TYPE = YES;
				GCC_WARN_UNINITIALIZED_AUTOS = YES;
				GCC_WARN_UNUSED_VARIABLE = YES;
				IPHONEOS_DEPLOYMENT_TARGET = 6.1;
				ONLY_ACTIVE_ARCH = YES;
				SDKROOT = iphoneos;
			};
			name = Debug;
		};
		042E4F48183B056400C3446A /* Release */ = {
			isa = XCBuildConfiguration;
			buildSettings = {
				ALWAYS_SEARCH_USER_PATHS = NO;
				CLANG_CXX_LANGUAGE_STANDARD = "gnu++0x";
				CLANG_CXX_LIBRARY = "libc++";
				CLANG_ENABLE_OBJC_ARC = YES;
				CLANG_WARN_CONSTANT_CONVERSION = YES;
				CLANG_WARN_EMPTY_BODY = YES;
				CLANG_WARN_ENUM_CONVERSION = YES;
				CLANG_WARN_INT_CONVERSION = YES;
				CLANG_WARN__DUPLICATE_METHOD_MATCH = YES;
				"CODE_SIGN_IDENTITY[sdk=iphoneos*]" = "iPhone Developer";
				COPY_PHASE_STRIP = YES;
				GCC_C_LANGUAGE_STANDARD = gnu99;
				GCC_WARN_ABOUT_RETURN_TYPE = YES;
				GCC_WARN_UNINITIALIZED_AUTOS = YES;
				GCC_WARN_UNUSED_VARIABLE = YES;
				IPHONEOS_DEPLOYMENT_TARGET = 6.1;
				OTHER_CFLAGS = "-DNS_BLOCK_ASSERTIONS=1";
				SDKROOT = iphoneos;
				VALIDATE_PRODUCT = YES;
			};
			name = Release;
		};
		042E4F4A183B056400C3446A /* Debug */ = {
			isa = XCBuildConfiguration;
			buildSettings = {
				FRAMEWORK_SEARCH_PATHS = (
					"$(inherited)",
					"/Users/lebo/Downloads/画不规则曲线截图源码/MZCroppableView",
					/Users/lebo/Desktop/iPhoneDemo/MZCroppableView/MZCroppableView,
				);
				GCC_PRECOMPILE_PREFIX_HEADER = YES;
				GCC_PREFIX_HEADER = "MZCroppableView/MZCroppableView-Prefix.pch";
				INFOPLIST_FILE = "MZCroppableView/MZCroppableView-Info.plist";
				IPHONEOS_DEPLOYMENT_TARGET = 5.0;
				LIBRARY_SEARCH_PATHS = (
					"$(inherited)",
					"/Users/lebo/Downloads/画不规则曲线截图源码/MZCroppableView/SDKExport",
					/Users/lebo/Desktop/iPhoneDemo/MZCroppableView/MZCroppableView/SDKExport,
				);
				PRODUCT_NAME = "$(TARGET_NAME)";
				WRAPPER_EXTENSION = app;
			};
			name = Debug;
		};
		042E4F4B183B056400C3446A /* Release */ = {
			isa = XCBuildConfiguration;
			buildSettings = {
				FRAMEWORK_SEARCH_PATHS = (
					"$(inherited)",
					"/Users/lebo/Downloads/画不规则曲线截图源码/MZCroppableView",
					/Users/lebo/Desktop/iPhoneDemo/MZCroppableView/MZCroppableView,
				);
				GCC_PRECOMPILE_PREFIX_HEADER = YES;
				GCC_PREFIX_HEADER = "MZCroppableView/MZCroppableView-Prefix.pch";
				INFOPLIST_FILE = "MZCroppableView/MZCroppableView-Info.plist";
				IPHONEOS_DEPLOYMENT_TARGET = 5.0;
				LIBRARY_SEARCH_PATHS = (
					"$(inherited)",
					"/Users/lebo/Downloads/画不规则曲线截图源码/MZCroppableView/SDKExport",
					/Users/lebo/Desktop/iPhoneDemo/MZCroppableView/MZCroppableView/SDKExport,
				);
				PRODUCT_NAME = "$(TARGET_NAME)";
				WRAPPER_EXTENSION = app;
			};
			name = Release;
		};
/* End XCBuildConfiguration section */

/* Begin XCConfigurationList section */
		042E4F27183B056400C3446A /* Build configuration list for PBXProject "MZCroppableView" */ = {
			isa = XCConfigurationList;
			buildConfigurations = (
				042E4F47183B056400C3446A /* Debug */,
				042E4F48183B056400C3446A /* Release */,
			);
			defaultConfigurationIsVisible = 0;
			defaultConfigurationName = Release;
		};
		042E4F49183B056400C3446A /* Build configuration list for PBXNativeTarget "MZCroppableView" */ = {
			isa = XCConfigurationList;
			buildConfigurations = (
				042E4F4A183B056400C3446A /* Debug */,
				042E4F4B183B056400C3446A /* Release */,
			);
			defaultConfigurationIsVisible = 0;
			defaultConfigurationName = Release;
		};
/* End XCConfigurationList section */
	};
	rootObject = 042E4F24183B056400C3446A /* Project object */;
}
